// !$*UTF8*$!
{
	archiveVersion = 1;
	classes = {
	};
	objectVersion = 46;
	objects = {

/* Begin PBXBuildFile section */
		274F7DE41D86DD8500C4001C /* AppDelegate.swift in Sources */ = {isa = PBXBuildFile; fileRef = 274F7DE31D86DD8500C4001C /* AppDelegate.swift */; };
		274F7DE61D86DD8500C4001C /* ViewController.swift in Sources */ = {isa = PBXBuildFile; fileRef = 274F7DE51D86DD8500C4001C /* ViewController.swift */; };
		274F7DE91D86DD8500C4001C /* Main.storyboard in Resources */ = {isa = PBXBuildFile; fileRef = 274F7DE71D86DD8500C4001C /* Main.storyboard */; };
		274F7DEB1D86DD8500C4001C /* Assets.xcassets in Resources */ = {isa = PBXBuildFile; fileRef = 274F7DEA1D86DD8500C4001C /* Assets.xcassets */; };
		274F7DEE1D86DD8500C4001C /* LaunchScreen.storyboard in Resources */ = {isa = PBXBuildFile; fileRef = 274F7DEC1D86DD8500C4001C /* LaunchScreen.storyboard */; };
		274F7DF91D86DD8500C4001C /* MyApplicationIOSTests.swift in Sources */ = {isa = PBXBuildFile; fileRef = 274F7DF81D86DD8500C4001C /* MyApplicationIOSTests.swift */; };
		274F7E041D86DD8500C4001C /* MyApplicationIOSUITests.swift in Sources */ = {isa = PBXBuildFile; fileRef = 274F7E031D86DD8500C4001C /* MyApplicationIOSUITests.swift */; };
/* End PBXBuildFile section */

/* Begin PBXContainerItemProxy section */
		274F7DF51D86DD8500C4001C /* PBXContainerItemProxy */ = {
			isa = PBXContainerItemProxy;
			containerPortal = 274F7DD81D86DD8500C4001C /* Project object */;
			proxyType = 1;
			remoteGlobalIDString = 274F7DDF1D86DD8500C4001C;
			remoteInfo = MyApplicationIOS;
		};
		274F7E001D86DD8500C4001C /* PBXContainerItemProxy */ = {
			isa = PBXContainerItemProxy;
			containerPortal = 274F7DD81D86DD8500C4001C /* Project object */;
			proxyType = 1;
			remoteGlobalIDString = 274F7DDF1D86DD8500C4001C;
			remoteInfo = MyApplicationIOS;
		};
/* End PBXContainerItemProxy section */

/* Begin PBXFileReference section */
		274F7DE01D86DD8500C4001C /* MyApplicationIOS.app */ = {isa = PBXFileReference; explicitFileType = wrapper.application; includeInIndex = 0; path = MyApplicationIOS.app; sourceTree = BUILT_PRODUCTS_DIR; };
		274F7DE31D86DD8500C4001C /* AppDelegate.swift */ = {isa = PBXFileReference; lastKnownFileType = sourcecode.swift; path = AppDelegate.swift; sourceTree = "<group>"; };
		274F7DE51D86DD8500C4001C /* ViewController.swift */ = {isa = PBXFileReference; lastKnownFileType = sourcecode.swift; path = ViewController.swift; sourceTree = "<group>"; };
		274F7DE81D86DD8500C4001C /* Base */ = {isa = PBXFileReference; lastKnownFileType = file.storyboard; name = Base; path = Base.lproj/Main.storyboard; sourceTree = "<group>"; };
		274F7DEA1D86DD8500C4001C /* Assets.xcassets */ = {isa = PBXFileReference; lastKnownFileType = folder.assetcatalog; path = Assets.xcassets; sourceTree = "<group>"; };
		274F7DED1D86DD8500C4001C /* Base */ = {isa = PBXFileReference; lastKnownFileType = file.storyboard; name = Base; path = Base.lproj/LaunchScreen.storyboard; sourceTree = "<group>"; };
		274F7DEF1D86DD8500C4001C /* Info.plist */ = {isa = PBXFileReference; lastKnownFileType = text.plist.xml; path = Info.plist; sourceTree = "<group>"; };
		274F7DF41D86DD8500C4001C /* MyApplicationIOSTests.xctest */ = {isa = PBXFileReference; explicitFileType = wrapper.cfbundle; includeInIndex = 0; path = MyApplicationIOSTests.xctest; sourceTree = BUILT_PRODUCTS_DIR; };
		274F7DF81D86DD8500C4001C /* MyApplicationIOSTests.swift */ = {isa = PBXFileReference; lastKnownFileType = sourcecode.swift; path = MyApplicationIOSTests.swift; sourceTree = "<group>"; };
		274F7DFA1D86DD8500C4001C /* Info.plist */ = {isa = PBXFileReference; lastKnownFileType = text.plist.xml; path = Info.plist; sourceTree = "<group>"; };
		274F7DFF1D86DD8500C4001C /* MyApplicationIOSUITests.xctest */ = {isa = PBXFileReference; explicitFileType = wrapper.cfbundle; includeInIndex = 0; path = MyApplicationIOSUITests.xctest; sourceTree = BUILT_PRODUCTS_DIR; };
		274F7E031D86DD8500C4001C /* MyApplicationIOSUITests.swift */ = {isa = PBXFileReference; lastKnownFileType = sourcecode.swift; path = MyApplicationIOSUITests.swift; sourceTree = "<group>"; };
		274F7E051D86DD8500C4001C /* Info.plist */ = {isa = PBXFileReference; lastKnownFileType = text.plist.xml; path = Info.plist; sourceTree = "<group>"; };
/* End PBXFileReference section */

/* Begin PBXFrameworksBuildPhase section */
		274F7DDD1D86DD8500C4001C /* Frameworks */ = {
			isa = PBXFrameworksBuildPhase;
			buildActionMask = 2147483647;
			files = (
			);
			runOnlyForDeploymentPostprocessing = 0;
		};
		274F7DF11D86DD8500C4001C /* Frameworks */ = {
			isa = PBXFrameworksBuildPhase;
			buildActionMask = 2147483647;
			files = (
			);
			runOnlyForDeploymentPostprocessing = 0;
		};
		274F7DFC1D86DD8500C4001C /* Frameworks */ = {
			isa = PBXFrameworksBuildPhase;
			buildActionMask = 2147483647;
			files = (
			);
			runOnlyForDeploymentPostprocessing = 0;
		};
/* End PBXFrameworksBuildPhase section */

/* Begin PBXGroup section */
		274F7DD71D86DD8500C4001C = {
			isa = PBXGroup;
			children = (
				274F7DE21D86DD8500C4001C /* MyApplicationIOS */,
				274F7DF71D86DD8500C4001C /* MyApplicationIOSTests */,
				274F7E021D86DD8500C4001C /* MyApplicationIOSUITests */,
				274F7DE11D86DD8500C4001C /* Products */,
			);
			sourceTree = "<group>";
		};
		274F7DE11D86DD8500C4001C /* Products */ = {
			isa = PBXGroup;
			children = (
				274F7DE01D86DD8500C4001C /* MyApplicationIOS.app */,
				274F7DF41D86DD8500C4001C /* MyApplicationIOSTests.xctest */,
				274F7DFF1D86DD8500C4001C /* MyApplicationIOSUITests.xctest */,
			);
			name = Products;
			sourceTree = "<group>";
		};
		274F7DE21D86DD8500C4001C /* MyApplicationIOS */ = {
			isa = PBXGroup;
			children = (
				274F7DE31D86DD8500C4001C /* AppDelegate.swift */,
				274F7DE51D86DD8500C4001C /* ViewController.swift */,
				274F7DE71D86DD8500C4001C /* Main.storyboard */,
				274F7DEA1D86DD8500C4001C /* Assets.xcassets */,
				274F7DEC1D86DD8500C4001C /* LaunchScreen.storyboard */,
				274F7DEF1D86DD8500C4001C /* Info.plist */,
			);
			path = MyApplicationIOS;
			sourceTree = "<group>";
		};
		274F7DF71D86DD8500C4001C /* MyApplicationIOSTests */ = {
			isa = PBXGroup;
			children = (
				274F7DF81D86DD8500C4001C /* MyApplicationIOSTests.swift */,
				274F7DFA1D86DD8500C4001C /* Info.plist */,
			);
			path = MyApplicationIOSTests;
			sourceTree = "<group>";
		};
		274F7E021D86DD8500C4001C /* MyApplicationIOSUITests */ = {
			isa = PBXGroup;
			children = (
				274F7E031D86DD8500C4001C /* MyApplicationIOSUITests.swift */,
				274F7E051D86DD8500C4001C /* Info.plist */,
			);
			path = MyApplicationIOSUITests;
			sourceTree = "<group>";
		};
/* End PBXGroup section */

/* Begin PBXNativeTarget section */
		274F7DDF1D86DD8500C4001C /* MyApplicationIOS */ = {
			isa = PBXNativeTarget;
			buildConfigurationList = 274F7E081D86DD8500C4001C /* Build configuration list for PBXNativeTarget "MyApplicationIOS" */;
			buildPhases = (
				274F7DDC1D86DD8500C4001C /* Sources */,
				274F7DDD1D86DD8500C4001C /* Frameworks */,
				274F7DDE1D86DD8500C4001C /* Resources */,
			);
			buildRules = (
			);
			dependencies = (
			);
			name = MyApplicationIOS;
			productName = MyApplicationIOS;
			productReference = 274F7DE01D86DD8500C4001C /* MyApplicationIOS.app */;
			productType = "com.apple.product-type.application";
		};
		274F7DF31D86DD8500C4001C /* MyApplicationIOSTests */ = {
			isa = PBXNativeTarget;
			buildConfigurationList = 274F7E0B1D86DD8500C4001C /* Build configuration list for PBXNativeTarget "MyApplicationIOSTests" */;
			buildPhases = (
				274F7DF01D86DD8500C4001C /* Sources */,
				274F7DF11D86DD8500C4001C /* Frameworks */,
				274F7DF21D86DD8500C4001C /* Resources */,
			);
			buildRules = (
			);
			dependencies = (
				274F7DF61D86DD8500C4001C /* PBXTargetDependency */,
			);
			name = MyApplicationIOSTests;
			productName = MyApplicationIOSTests;
			productReference = 274F7DF41D86DD8500C4001C /* MyApplicationIOSTests.xctest */;
			productType = "com.apple.product-type.bundle.unit-test";
		};
		274F7DFE1D86DD8500C4001C /* MyApplicationIOSUITests */ = {
			isa = PBXNativeTarget;
			buildConfigurationList = 274F7E0E1D86DD8500C4001C /* Build configuration list for PBXNativeTarget "MyApplicationIOSUITests" */;
			buildPhases = (
				274F7DFB1D86DD8500C4001C /* Sources */,
				274F7DFC1D86DD8500C4001C /* Frameworks */,
				274F7DFD1D86DD8500C4001C /* Resources */,
			);
			buildRules = (
			);
			dependencies = (
				274F7E011D86DD8500C4001C /* PBXTargetDependency */,
			);
			name = MyApplicationIOSUITests;
			productName = MyApplicationIOSUITests;
			productReference = 274F7DFF1D86DD8500C4001C /* MyApplicationIOSUITests.xctest */;
			productType = "com.apple.product-type.bundle.ui-testing";
		};
/* End PBXNativeTarget section */

/* Begin PBXProject section */
		274F7DD81D86DD8500C4001C /* Project object */ = {
			isa = PBXProject;
			attributes = {
				LastSwiftUpdateCheck = 0730;
				LastUpgradeCheck = 0730;
				ORGANIZATIONNAME = "N Atkinson";
				TargetAttributes = {
					274F7DDF1D86DD8500C4001C = {
						CreatedOnToolsVersion = 7.3.1;
					};
					274F7DF31D86DD8500C4001C = {
						CreatedOnToolsVersion = 7.3.1;
						TestTargetID = 274F7DDF1D86DD8500C4001C;
					};
					274F7DFE1D86DD8500C4001C = {
						CreatedOnToolsVersion = 7.3.1;
						TestTargetID = 274F7DDF1D86DD8500C4001C;
					};
				};
			};
			buildConfigurationList = 274F7DDB1D86DD8500C4001C /* Build configuration list for PBXProject "MyApplicationIOS" */;
			compatibilityVersion = "Xcode 3.2";
			developmentRegion = English;
			hasScannedForEncodings = 0;
			knownRegions = (
				en,
				Base,
			);
			mainGroup = 274F7DD71D86DD8500C4001C;
			productRefGroup = 274F7DE11D86DD8500C4001C /* Products */;
			projectDirPath = "";
			projectRoot = "";
			targets = (
				274F7DDF1D86DD8500C4001C /* MyApplicationIOS */,
				274F7DF31D86DD8500C4001C /* MyApplicationIOSTests */,
				274F7DFE1D86DD8500C4001C /* MyApplicationIOSUITests */,
			);
		};
/* End PBXProject section */

/* Begin PBXResourcesBuildPhase section */
		274F7DDE1D86DD8500C4001C /* Resources */ = {
			isa = PBXResourcesBuildPhase;
			buildActionMask = 2147483647;
			files = (
				274F7DEE1D86DD8500C4001C /* LaunchScreen.storyboard in Resources */,
				274F7DEB1D86DD8500C4001C /* Assets.xcassets in Resources */,
				274F7DE91D86DD8500C4001C /* Main.storyboard in Resources */,
			);
			runOnlyForDeploymentPostprocessing = 0;
		};
		274F7DF21D86DD8500C4001C /* Resources */ = {
			isa = PBXResourcesBuildPhase;
			buildActionMask = 2147483647;
			files = (
			);
			runOnlyForDeploymentPostprocessing = 0;
		};
		274F7DFD1D86DD8500C4001C /* Resources */ = {
			isa = PBXResourcesBuildPhase;
			buildActionMask = 2147483647;
			files = (
			);
			runOnlyForDeploymentPostprocessing = 0;
		};
/* End PBXResourcesBuildPhase section */

/* Begin PBXSourcesBuildPhase section */
		274F7DDC1D86DD8500C4001C /* Sources */ = {
			isa = PBXSourcesBuildPhase;
			buildActionMask = 2147483647;
			files = (
				274F7DE61D86DD8500C4001C /* ViewController.swift in Sources */,
				274F7DE41D86DD8500C4001C /* AppDelegate.swift in Sources */,
			);
			runOnlyForDeploymentPostprocessing = 0;
		};
		274F7DF01D86DD8500C4001C /* Sources */ = {
			isa = PBXSourcesBuildPhase;
			buildActionMask = 2147483647;
			files = (
				274F7DF91D86DD8500C4001C /* MyApplicationIOSTests.swift in Sources */,
			);
			runOnlyForDeploymentPostprocessing = 0;
		};
		274F7DFB1D86DD8500C4001C /* Sources */ = {
			isa = PBXSourcesBuildPhase;
			buildActionMask = 2147483647;
			files = (
				274F7E041D86DD8500C4001C /* MyApplicationIOSUITests.swift in Sources */,
			);
			runOnlyForDeploymentPostprocessing = 0;
		};
/* End PBXSourcesBuildPhase section */

/* Begin PBXTargetDependency section */
		274F7DF61D86DD8500C4001C /* PBXTargetDependency */ = {
			isa = PBXTargetDependency;
			target = 274F7DDF1D86DD8500C4001C /* MyApplicationIOS */;
			targetProxy = 274F7DF51D86DD8500C4001C /* PBXContainerItemProxy */;
		};
		274F7E011D86DD8500C4001C /* PBXTargetDependency */ = {
			isa = PBXTargetDependency;
			target = 274F7DDF1D86DD8500C4001C /* MyApplicationIOS */;
			targetProxy = 274F7E001D86DD8500C4001C /* PBXContainerItemProxy */;
		};
/* End PBXTargetDependency section */

/* Begin PBXVariantGroup section */
		274F7DE71D86DD8500C4001C /* Main.storyboard */ = {
			isa = PBXVariantGroup;
			children = (
				274F7DE81D86DD8500C4001C /* Base */,
			);
			name = Main.storyboard;
			sourceTree = "<group>";
		};
		274F7DEC1D86DD8500C4001C /* LaunchScreen.storyboard */ = {
			isa = PBXVariantGroup;
			children = (
				274F7DED1D86DD8500C4001C /* Base */,
			);
			name = LaunchScreen.storyboard;
			sourceTree = "<group>";
		};
/* End PBXVariantGroup section */

/* Begin XCBuildConfiguration section */
		274F7E061D86DD8500C4001C /* Debug */ = {
			isa = XCBuildConfiguration;
			buildSettings = {
				ALWAYS_SEARCH_USER_PATHS = NO;
				CLANG_ANALYZER_NONNULL = YES;
				CLANG_CXX_LANGUAGE_STANDARD = "gnu++0x";
				CLANG_CXX_LIBRARY = "libc++";
				CLANG_ENABLE_MODULES = YES;
				CLANG_ENABLE_OBJC_ARC = YES;
				CLANG_WARN_BOOL_CONVERSION = YES;
				CLANG_WARN_CONSTANT_CONVERSION = YES;
				CLANG_WARN_DIRECT_OBJC_ISA_USAGE = YES_ERROR;
				CLANG_WARN_EMPTY_BODY = YES;
				CLANG_WARN_ENUM_CONVERSION = YES;
				CLANG_WARN_INT_CONVERSION = YES;
				CLANG_WARN_OBJC_ROOT_CLASS = YES_ERROR;
				CLANG_WARN_UNREACHABLE_CODE = YES;
				CLANG_WARN__DUPLICATE_METHOD_MATCH = YES;
				"CODE_SIGN_IDENTITY[sdk=iphoneos*]" = "iPhone Developer";
				COPY_PHASE_STRIP = NO;
				DEBUG_INFORMATION_FORMAT = dwarf;
				ENABLE_STRICT_OBJC_MSGSEND = YES;
				ENABLE_TESTABILITY = YES;
				GCC_C_LANGUAGE_STANDARD = gnu99;
				GCC_DYNAMIC_NO_PIC = NO;
				GCC_NO_COMMON_BLOCKS = YES;
				GCC_OPTIMIZATION_LEVEL = 0;
				GCC_PREPROCESSOR_DEFINITIONS = (
					"DEBUG=1",
					"$(inherited)",
				);
				GCC_WARN_64_TO_32_BIT_CONVERSION = YES;
				GCC_WARN_ABOUT_RETURN_TYPE = YES_ERROR;
				GCC_WARN_UNDECLARED_SELECTOR = YES;
				GCC_WARN_UNINITIALIZED_AUTOS = YES_AGGRESSIVE;
				GCC_WARN_UNUSED_FUNCTION = YES;
				GCC_WARN_UNUSED_VARIABLE = YES;
				IPHONEOS_DEPLOYMENT_TARGET = 9.3;
				MTL_ENABLE_DEBUG_INFO = YES;
				ONLY_ACTIVE_ARCH = YES;
				SDKROOT = iphoneos;
				SWIFT_OPTIMIZATION_LEVEL = "-Onone";
				TARGETED_DEVICE_FAMILY = "1,2";
			};
			name = Debug;
		};
		274F7E071D86DD8500C4001C /* Release */ = {
			isa = XCBuildConfiguration;
			buildSettings = {
				ALWAYS_SEARCH_USER_PATHS = NO;
				CLANG_ANALYZER_NONNULL = YES;
				CLANG_CXX_LANGUAGE_STANDARD = "gnu++0x";
				CLANG_CXX_LIBRARY = "libc++";
				CLANG_ENABLE_MODULES = YES;
				CLANG_ENABLE_OBJC_ARC = YES;
				CLANG_WARN_BOOL_CONVERSION = YES;
				CLANG_WARN_CONSTANT_CONVERSION = YES;
				CLANG_WARN_DIRECT_OBJC_ISA_USAGE = YES_ERROR;
				CLANG_WARN_EMPTY_BODY = YES;
				CLANG_WARN_ENUM_CONVERSION = YES;
				CLANG_WARN_INT_CONVERSION = YES;
				CLANG_WARN_OBJC_ROOT_CLASS = YES_ERROR;
				CLANG_WARN_UNREACHABLE_CODE = YES;
				CLANG_WARN__DUPLICATE_METHOD_MATCH = YES;
				"CODE_SIGN_IDENTITY[sdk=iphoneos*]" = "iPhone Developer";
				COPY_PHASE_STRIP = NO;
				DEBUG_INFORMATION_FORMAT = "dwarf-with-dsym";
				ENABLE_NS_ASSERTIONS = NO;
				ENABLE_STRICT_OBJC_MSGSEND = YES;
				GCC_C_LANGUAGE_STANDARD = gnu99;
				GCC_NO_COMMON_BLOCKS = YES;
				GCC_WARN_64_TO_32_BIT_CONVERSION = YES;
				GCC_WARN_ABOUT_RETURN_TYPE = YES_ERROR;
				GCC_WARN_UNDECLARED_SELECTOR = YES;
				GCC_WARN_UNINITIALIZED_AUTOS = YES_AGGRESSIVE;
				GCC_WARN_UNUSED_FUNCTION = YES;
				GCC_WARN_UNUSED_VARIABLE = YES;
				IPHONEOS_DEPLOYMENT_TARGET = 9.3;
				MTL_ENABLE_DEBUG_INFO = NO;
				SDKROOT = iphoneos;
				TARGETED_DEVICE_FAMILY = "1,2";
				VALIDATE_PRODUCT = YES;
			};
			name = Release;
		};
		274F7E091D86DD8500C4001C /* Debug */ = {
			isa = XCBuildConfiguration;
			buildSettings = {
				ASSETCATALOG_COMPILER_APPICON_NAME = AppIcon;
				INFOPLIST_FILE = MyApplicationIOS/Info.plist;
				LD_RUNPATH_SEARCH_PATHS = "$(inherited) @executable_path/Frameworks";
				PRODUCT_BUNDLE_IDENTIFIER = com.MyApplicationIOS;
				PRODUCT_NAME = "$(TARGET_NAME)";
			};
			name = Debug;
		};
		274F7E0A1D86DD8500C4001C /* Release */ = {
			isa = XCBuildConfiguration;
			buildSettings = {
				ASSETCATALOG_COMPILER_APPICON_NAME = AppIcon;
				INFOPLIST_FILE = MyApplicationIOS/Info.plist;
				LD_RUNPATH_SEARCH_PATHS = "$(inherited) @executable_path/Frameworks";
				PRODUCT_BUNDLE_IDENTIFIER = com.MyApplicationIOS;
				PRODUCT_NAME = "$(TARGET_NAME)";
			};
			name = Release;
		};
		274F7E0C1D86DD8500C4001C /* Debug */ = {
			isa = XCBuildConfiguration;
			buildSettings = {
				BUNDLE_LOADER = "$(TEST_HOST)";
				INFOPLIST_FILE = MyApplicationIOSTests/Info.plist;
				LD_RUNPATH_SEARCH_PATHS = "$(inherited) @executable_path/Frameworks @loader_path/Frameworks";
				PRODUCT_BUNDLE_IDENTIFIER = com.MyApplicationIOSTests;
				PRODUCT_NAME = "$(TARGET_NAME)";
				TEST_HOST = "$(BUILT_PRODUCTS_DIR)/MyApplicationIOS.app/MyApplicationIOS";
			};
			name = Debug;
		};
		274F7E0D1D86DD8500C4001C /* Release */ = {
			isa = XCBuildConfiguration;
			buildSettings = {
				BUNDLE_LOADER = "$(TEST_HOST)";
				INFOPLIST_FILE = MyApplicationIOSTests/Info.plist;
				LD_RUNPATH_SEARCH_PATHS = "$(inherited) @executable_path/Frameworks @loader_path/Frameworks";
				PRODUCT_BUNDLE_IDENTIFIER = com.MyApplicationIOSTests;
				PRODUCT_NAME = "$(TARGET_NAME)";
				TEST_HOST = "$(BUILT_PRODUCTS_DIR)/MyApplicationIOS.app/MyApplicationIOS";
			};
			name = Release;
		};
		274F7E0F1D86DD8500C4001C /* Debug */ = {
			isa = XCBuildConfiguration;
			buildSettings = {
				INFOPLIST_FILE = MyApplicationIOSUITests/Info.plist;
				LD_RUNPATH_SEARCH_PATHS = "$(inherited) @executable_path/Frameworks @loader_path/Frameworks";
				PRODUCT_BUNDLE_IDENTIFIER = com.MyApplicationIOSUITests;
				PRODUCT_NAME = "$(TARGET_NAME)";
				TEST_TARGET_NAME = MyApplicationIOS;
			};
			name = Debug;
		};
		274F7E101D86DD8500C4001C /* Release */ = {
			isa = XCBuildConfiguration;
			buildSettings = {
				INFOPLIST_FILE = MyApplicationIOSUITests/Info.plist;
				LD_RUNPATH_SEARCH_PATHS = "$(inherited) @executable_path/Frameworks @loader_path/Frameworks";
				PRODUCT_BUNDLE_IDENTIFIER = com.MyApplicationIOSUITests;
				PRODUCT_NAME = "$(TARGET_NAME)";
				TEST_TARGET_NAME = MyApplicationIOS;
			};
			name = Release;
		};
/* End XCBuildConfiguration section */

/* Begin XCConfigurationList section */
		274F7DDB1D86DD8500C4001C /* Build configuration list for PBXProject "MyApplicationIOS" */ = {
			isa = XCConfigurationList;
			buildConfigurations = (
				274F7E061D86DD8500C4001C /* Debug */,
				274F7E071D86DD8500C4001C /* Release */,
			);
			defaultConfigurationIsVisible = 0;
			defaultConfigurationName = Release;
		};
		274F7E081D86DD8500C4001C /* Build configuration list for PBXNativeTarget "MyApplicationIOS" */ = {
			isa = XCConfigurationList;
			buildConfigurations = (
				274F7E091D86DD8500C4001C /* Debug */,
				274F7E0A1D86DD8500C4001C /* Release */,
			);
			defaultConfigurationIsVisible = 0;
		};
		274F7E0B1D86DD8500C4001C /* Build configuration list for PBXNativeTarget "MyApplicationIOSTests" */ = {
			isa = XCConfigurationList;
			buildConfigurations = (
				274F7E0C1D86DD8500C4001C /* Debug */,
				274F7E0D1D86DD8500C4001C /* Release */,
			);
			defaultConfigurationIsVisible = 0;
		};
		274F7E0E1D86DD8500C4001C /* Build configuration list for PBXNativeTarget "MyApplicationIOSUITests" */ = {
			isa = XCConfigurationList;
			buildConfigurations = (
				274F7E0F1D86DD8500C4001C /* Debug */,
				274F7E101D86DD8500C4001C /* Release */,
			);
			defaultConfigurationIsVisible = 0;
		};
/* End XCConfigurationList section */
	};
	rootObject = 274F7DD81D86DD8500C4001C /* Project object */;
}
